
Microsoft Visual Studio Solution File, Format Version 12.00
# Visual Studio Version 17
VisualStudioVersion = 17.10.35122.118
MinimumVisualStudioVersion = 10.0.40219.1
Project("{FAE04EC0-301F-11D3-BF4B-00C04F79EFBC}") = "DDS-Cloud.NET.WinForm.ServerAdmin", "DDS-Cloud.NET.WinForm.ServerAdmin\DDS-Cloud.NET.WinForm.ServerAdmin.csproj", "{B8E2DBE4-4640-4A12-ADBB-E6D884D97379}"
EndProject
Global
	GlobalSection(SolutionConfigurationPlatforms) = preSolution
		Debug|Any CPU = Debug|Any CPU
		Release|Any CPU = Release|Any CPU
	EndGlobalSection
	GlobalSection(ProjectConfigurationPlatforms) = postSolution
		{B8E2DBE4-4640-4A12-ADBB-E6D884D97379}.Debug|Any CPU.ActiveCfg = Debug|Any CPU
		{B8E2DBE4-4640-4A12-ADBB-E6D884D97379}.Debug|Any CPU.Build.0 = Debug|Any CPU
		{B8E2DBE4-4640-4A12-ADBB-E6D884D97379}.Release|Any CPU.ActiveCfg = Release|Any CPU
		{B8E2DBE4-4640-4A12-ADBB-E6D884D97379}.Release|Any CPU.Build.0 = Release|Any CPU
	EndGlobalSection
	GlobalSection(SolutionProperties) = preSolution
		HideSolutionNode = FALSE
	EndGlobalSection
	GlobalSection(ExtensibilityGlobals) = postSolution
		SolutionGuid = {F4F1AE3E-B895-4473-BA13-187B92AB25FE}
	EndGlobalSection
EndGlobal
